
Microsoft Visual Studio Solution File, Format Version 12.00
# Visual Studio Version 16
VisualStudioVersion = 16.0.30717.126
MinimumVisualStudioVersion = 10.0.40219.1
Project("{9A19103F-16F7-4668-BE54-9A1E7A4F7556}") = "Domain", "Domain\Domain.csproj", "{17EA49B3-68F0-4040-BAF6-CC5F5D1BF4BB}"
EndProject
Project("{9A19103F-16F7-4668-BE54-9A1E7A4F7556}") = "Infrastructure", "Infrastructure\Infrastructure.csproj", "{FF30D637-1050-4E51-ABAA-FC2F5DE75B62}"
EndProject
Project("{9A19103F-16F7-4668-BE54-9A1E7A4F7556}") = "API", "API\API.csproj", "{E81FDA19-09A1-4C0E-BBAA-B28AC96D57B9}"
EndProject
Global
	GlobalSection(SolutionConfigurationPlatforms) = preSolution
		Debug|Any CPU = Debug|Any CPU
		Release|Any CPU = Release|Any CPU
	EndGlobalSection
	GlobalSection(ProjectConfigurationPlatforms) = postSolution
		{17EA49B3-68F0-4040-BAF6-CC5F5D1BF4BB}.Debug|Any CPU.ActiveCfg = Debug|Any CPU
		{17EA49B3-68F0-4040-BAF6-CC5F5D1BF4BB}.Debug|Any CPU.Build.0 = Debug|Any CPU
		{17EA49B3-68F0-4040-BAF6-CC5F5D1BF4BB}.Release|Any CPU.ActiveCfg = Release|Any CPU
		{17EA49B3-68F0-4040-BAF6-CC5F5D1BF4BB}.Release|Any CPU.Build.0 = Release|Any CPU
		{FF30D637-1050-4E51-ABAA-FC2F5DE75B62}.Debug|Any CPU.ActiveCfg = Debug|Any CPU
		{FF30D637-1050-4E51-ABAA-FC2F5DE75B62}.Debug|Any CPU.Build.0 = Debug|Any CPU
		{FF30D637-1050-4E51-ABAA-FC2F5DE75B62}.Release|Any CPU.ActiveCfg = Release|Any CPU
		{FF30D637-1050-4E51-ABAA-FC2F5DE75B62}.Release|Any CPU.Build.0 = Release|Any CPU
		{E81FDA19-09A1-4C0E-BBAA-B28AC96D57B9}.Debug|Any CPU.ActiveCfg = Debug|Any CPU
		{E81FDA19-09A1-4C0E-BBAA-B28AC96D57B9}.Debug|Any CPU.Build.0 = Debug|Any CPU
		{E81FDA19-09A1-4C0E-BBAA-B28AC96D57B9}.Release|Any CPU.ActiveCfg = Release|Any CPU
		{E81FDA19-09A1-4C0E-BBAA-B28AC96D57B9}.Release|Any CPU.Build.0 = Release|Any CPU
	EndGlobalSection
	GlobalSection(SolutionProperties) = preSolution
		HideSolutionNode = FALSE
	EndGlobalSection
	GlobalSection(ExtensibilityGlobals) = postSolution
		SolutionGuid = {02A16B43-CE58-4EB8-8DA7-85920E09EBA1}
	EndGlobalSection
EndGlobal
